<?xml version="1.0" encoding="utf-8"?>
<Project ToolsVersion="4.0" xmlns="http://schemas.microsoft.com/developer/msbuild/2003">
  <ItemGroup>
    <Filter Include="Source Files">
      <UniqueIdentifier>{69192e30-2d9d-4579-8d67-500727c0a693}</UniqueIdentifier>
      <Extensions>cpp;c;cxx;rc;def;r;odl;idl;hpj;bat</Extensions>
    </Filter>
    <Filter Include="Header Files">
      <UniqueIdentifier>{b6277903-f41d-445c-bddb-006afc252fb1}</UniqueIdentifier>
      <Extensions>h;hpp;hxx;hm;inl</Extensions>
    </Filter>
    <Filter Include="Resource Files">
      <UniqueIdentifier>{50d80d7e-f4b7-4e61-8cda-8c0c74c08872}</UniqueIdentifier>
      <Extensions>ico;cur;bmp;dlg;rc2;rct;bin;rgs;gif;jpg;jpeg;jpe</Extensions>
    </Filter>
  </ItemGroup>
  <ItemGroup>
    <ClCompile Include="Crc32.c">
      <Filter>Source Files</Filter>
    </ClCompile>
    <ClCompile Include="Srprot.c">
      <Filter>Source Files</Filter>
    </ClCompile>
  </ItemGroup>
  <ItemGroup>
    <ClInclude Include="AtpDefs.h">
      <Filter>Header Files</Filter>
    </ClInclude>
    <ClInclude Include="bs_types.h">
      <Filter>Header Files</Filter>
    </ClInclude>
    <ClInclude Include="Crc32.h">
      <Filter>Header Files</Filter>
    </ClInclude>
    <ClInclude Include="Srprot.h">
      <Filter>Header Files</Filter>
    </ClInclude>
  </ItemGroup>
</Project>