<?xml version="1.0" encoding="utf-8"?>
<Project ToolsVersion="4.0" xmlns="http://schemas.microsoft.com/developer/msbuild/2003">
  <ItemGroup>
    <Filter Include="Source Files">
      <UniqueIdentifier>{4FC737F1-C7A5-4376-A066-2A32D752A2FF}</UniqueIdentifier>
      <Extensions>cpp;c;cc;cxx;def;odl;idl;hpj;bat;asm;asmx</Extensions>
    </Filter>
    <Filter Include="Header Files">
      <UniqueIdentifier>{93995380-89BD-4b04-88EB-625FBE52EBFB}</UniqueIdentifier>
      <Extensions>h;hpp;hxx;hm;inl;inc;xsd</Extensions>
    </Filter>
    <Filter Include="Resource Files">
      <UniqueIdentifier>{67DA6AB6-F800-4c08-8B7A-83BB121AAD01}</UniqueIdentifier>
      <Extensions>rc;ico;cur;bmp;dlg;rc2;rct;bin;rgs;gif;jpg;jpeg;jpe;resx;tiff;tif;png;wav</Extensions>
    </Filter>
  </ItemGroup>
  <ItemGroup>
    <ClCompile Include="AssemblyInfo.cpp">
      <Filter>Source Files</Filter>
    </ClCompile>
    <ClCompile Include="LCSCom.cpp">
      <Filter>Source Files</Filter>
    </ClCompile>
    <ClCompile Include="LocoControl.cpp">
      <Filter>Source Files</Filter>
    </ClCompile>
    <ClCompile Include="LocoEngine.cpp">
      <Filter>Source Files</Filter>
    </ClCompile>
    <ClCompile Include="LocoIO.cpp">
      <Filter>Source Files</Filter>
    </ClCompile>
    <ClCompile Include="LocoParams.cpp">
      <Filter>Source Files</Filter>
    </ClCompile>
    <ClCompile Include="LocoSimDLL.cpp">
      <Filter>Source Files</Filter>
    </ClCompile>
    <ClCompile Include="RailDevCom.cpp">
      <Filter>Source Files</Filter>
    </ClCompile>
    <ClCompile Include="Stdafx.cpp">
      <Filter>Source Files</Filter>
    </ClCompile>
    <ClCompile Include="AbstractSimConnection.cpp">
      <Filter>Source Files</Filter>
    </ClCompile>
    <ClCompile Include="VIOHSimConnection.cpp">
      <Filter>Source Files</Filter>
    </ClCompile>
    <ClCompile Include="CODSimConnection.cpp">
      <Filter>Source Files</Filter>
    </ClCompile>
    <ClCompile Include="OPCSimConnection.cpp">
      <Filter>Source Files</Filter>
    </ClCompile>
    <ClCompile Include="..\Common\AutoControl.cpp">
      <Filter>Source Files</Filter>
    </ClCompile>
  </ItemGroup>
  <ItemGroup>
    <ClInclude Include="LCSCom.h">
      <Filter>Header Files</Filter>
    </ClInclude>
    <ClInclude Include="LocoConsts.h">
      <Filter>Header Files</Filter>
    </ClInclude>
    <ClInclude Include="LocoControl.h">
      <Filter>Header Files</Filter>
    </ClInclude>
    <ClInclude Include="LocoEngine.h">
      <Filter>Header Files</Filter>
    </ClInclude>
    <ClInclude Include="LocoIO.h">
      <Filter>Header Files</Filter>
    </ClInclude>
    <ClInclude Include="LocoParams.h">
      <Filter>Header Files</Filter>
    </ClInclude>
    <ClInclude Include="LocoSimDLL.h">
      <Filter>Header Files</Filter>
    </ClInclude>
    <ClInclude Include="RailDevCom.h">
      <Filter>Header Files</Filter>
    </ClInclude>
    <ClInclude Include="resource.h">
      <Filter>Header Files</Filter>
    </ClInclude>
    <ClInclude Include="Stdafx.h">
      <Filter>Header Files</Filter>
    </ClInclude>
    <ClInclude Include="AbstractSimConnection.h">
      <Filter>Header Files</Filter>
    </ClInclude>
    <ClInclude Include="VIOHSimConnection.h">
      <Filter>Header Files</Filter>
    </ClInclude>
    <ClInclude Include="CODSimConnection.h">
      <Filter>Header Files</Filter>
    </ClInclude>
    <ClInclude Include="OPCSimConnection.h">
      <Filter>Header Files</Filter>
    </ClInclude>
  </ItemGroup>
  <ItemGroup>
    <Image Include="app.ico">
      <Filter>Resource Files</Filter>
    </Image>
  </ItemGroup>
  <ItemGroup>
    <ResourceCompile Include="app.rc">
      <Filter>Resource Files</Filter>
    </ResourceCompile>
  </ItemGroup>
  <ItemGroup>
    <Library Include="WinMM.Lib" />
    <Library Include="WS2_32.Lib" />
  </ItemGroup>
  <ItemGroup>
    <Text Include="ReadMe.txt" />
  </ItemGroup>
</Project>