<?xml version="1.0" encoding="utf-8"?>
<Project ToolsVersion="4.0" xmlns="http://schemas.microsoft.com/developer/msbuild/2003">
  <ItemGroup>
    <Filter Include="Source Files">
      <UniqueIdentifier>{4FC737F1-C7A5-4376-A066-2A32D752A2FF}</UniqueIdentifier>
      <Extensions>cpp;c;cc;cxx;def;odl;idl;hpj;bat;asm;asmx</Extensions>
    </Filter>
    <Filter Include="Header Files">
      <UniqueIdentifier>{93995380-89BD-4b04-88EB-625FBE52EBFB}</UniqueIdentifier>
      <Extensions>h;hpp;hxx;hm;inl;inc;xsd</Extensions>
    </Filter>
    <Filter Include="Resource Files">
      <UniqueIdentifier>{67DA6AB6-F800-4c08-8B7A-83BB121AAD01}</UniqueIdentifier>
      <Extensions>rc;ico;cur;bmp;dlg;rc2;rct;bin;rgs;gif;jpg;jpeg;jpe;resx;tiff;tif;png;wav</Extensions>
    </Filter>
    <Filter Include="Source Files\ComLayers">
      <UniqueIdentifier>{1061f800-e388-48f2-a364-f823052151de}</UniqueIdentifier>
    </Filter>
    <Filter Include="Header Files\ComLayers">
      <UniqueIdentifier>{476b4cd3-0782-4a2c-80d4-57a13eb05bad}</UniqueIdentifier>
    </Filter>
  </ItemGroup>
  <ItemGroup>
    <ClCompile Include="AssemblyInfo.cpp">
      <Filter>Source Files</Filter>
    </ClCompile>
    <ClCompile Include="LCSSimDLL.cpp">
      <Filter>Source Files</Filter>
    </ClCompile>
    <ClCompile Include="LocoSimCom.cpp">
      <Filter>Source Files</Filter>
    </ClCompile>
    <ClCompile Include="Stdafx.cpp">
      <Filter>Source Files</Filter>
    </ClCompile>
    <ClCompile Include="VSIMCom.cpp">
      <Filter>Source Files</Filter>
    </ClCompile>
    <ClCompile Include="ATPCom.cpp">
      <Filter>Source Files</Filter>
    </ClCompile>
    <ClCompile Include="..\..\..\atp_bhp\impl\train_gateway\vehicle_com\emp_message.cpp">
      <Filter>Source Files\ComLayers</Filter>
    </ClCompile>
    <ClCompile Include="..\..\..\dispatcher\impl\class_d\class_d_transceiver.cpp">
      <Filter>Source Files\ComLayers</Filter>
    </ClCompile>
    <ClCompile Include="atc_util.cpp">
      <Filter>Source Files\ComLayers</Filter>
    </ClCompile>
    <ClCompile Include="vfw_buffer.cpp">
      <Filter>Source Files\ComLayers</Filter>
    </ClCompile>
    <ClCompile Include="atc_math.cpp">
      <Filter>Source Files\ComLayers</Filter>
    </ClCompile>
  </ItemGroup>
  <ItemGroup>
    <ClInclude Include="LCSSimConsts.h">
      <Filter>Header Files</Filter>
    </ClInclude>
    <ClInclude Include="LCSSimDLL.h">
      <Filter>Header Files</Filter>
    </ClInclude>
    <ClInclude Include="LocoSimCom.h">
      <Filter>Header Files</Filter>
    </ClInclude>
    <ClInclude Include="resource.h">
      <Filter>Header Files</Filter>
    </ClInclude>
    <ClInclude Include="Stdafx.h">
      <Filter>Header Files</Filter>
    </ClInclude>
    <ClInclude Include="VSIMCom.h">
      <Filter>Header Files</Filter>
    </ClInclude>
    <ClInclude Include="ATPCom.h">
      <Filter>Header Files</Filter>
    </ClInclude>
    <ClInclude Include="atc_types.hpp">
      <Filter>Header Files\ComLayers</Filter>
    </ClInclude>
    <ClInclude Include="atc_util.hpp">
      <Filter>Header Files\ComLayers</Filter>
    </ClInclude>
    <ClInclude Include="..\..\..\dispatcher\impl\class_d\class_d_transceiver.hpp">
      <Filter>Header Files\ComLayers</Filter>
    </ClInclude>
    <ClInclude Include="..\..\..\dispatcher\impl\class_d\class_d_types.hpp">
      <Filter>Header Files\ComLayers</Filter>
    </ClInclude>
    <ClInclude Include="..\..\..\atp_bhp\impl\train_gateway\vehicle_com\emp_message.hpp">
      <Filter>Header Files\ComLayers</Filter>
    </ClInclude>
    <ClInclude Include="vfw_buffer.h">
      <Filter>Header Files\ComLayers</Filter>
    </ClInclude>
    <ClInclude Include="atc_math.hpp">
      <Filter>Header Files\ComLayers</Filter>
    </ClInclude>
  </ItemGroup>
  <ItemGroup>
    <Image Include="app.ico">
      <Filter>Resource Files</Filter>
    </Image>
  </ItemGroup>
  <ItemGroup>
    <ResourceCompile Include="app.rc">
      <Filter>Resource Files</Filter>
    </ResourceCompile>
  </ItemGroup>
  <ItemGroup>
    <Text Include="ReadMe.txt" />
  </ItemGroup>
  <ItemGroup>
    <Library Include="WinMM.Lib" />
    <Library Include="WS2_32.Lib" />
  </ItemGroup>
</Project>